
Microsoft Visual Studio Solution File, Format Version 12.00
# Visual Studio Version 17
VisualStudioVersion = 17.10.35027.167
MinimumVisualStudioVersion = 10.0.40219.1
Project("{9A19103F-16F7-4668-BE54-9A1E7A4F7556}") = "OnlyCats", "OnlyCats\OnlyCats.csproj", "{79F2D2C2-E956-437B-9311-1B942CA47E5D}"
EndProject
Project("{54A90642-561A-4BB1-A94E-469ADEE60C69}") = "OnlyCatsUI", "OnlyCatsUI\OnlyCatsUI.esproj", "{46ABBFF4-CA9D-4523-A29D-186307899CD9}"
EndProject
Global
	GlobalSection(SolutionConfigurationPlatforms) = preSolution
		Debug|Any CPU = Debug|Any CPU
		Release|Any CPU = Release|Any CPU
	EndGlobalSection
	GlobalSection(ProjectConfigurationPlatforms) = postSolution
		{79F2D2C2-E956-437B-9311-1B942CA47E5D}.Debug|Any CPU.ActiveCfg = Debug|Any CPU
		{79F2D2C2-E956-437B-9311-1B942CA47E5D}.Debug|Any CPU.Build.0 = Debug|Any CPU
		{79F2D2C2-E956-437B-9311-1B942CA47E5D}.Release|Any CPU.ActiveCfg = Release|Any CPU
		{79F2D2C2-E956-437B-9311-1B942CA47E5D}.Release|Any CPU.Build.0 = Release|Any CPU
		{46ABBFF4-CA9D-4523-A29D-186307899CD9}.Debug|Any CPU.ActiveCfg = Debug|Any CPU
		{46ABBFF4-CA9D-4523-A29D-186307899CD9}.Debug|Any CPU.Build.0 = Debug|Any CPU
		{46ABBFF4-CA9D-4523-A29D-186307899CD9}.Debug|Any CPU.Deploy.0 = Debug|Any CPU
		{46ABBFF4-CA9D-4523-A29D-186307899CD9}.Release|Any CPU.ActiveCfg = Release|Any CPU
		{46ABBFF4-CA9D-4523-A29D-186307899CD9}.Release|Any CPU.Build.0 = Release|Any CPU
		{46ABBFF4-CA9D-4523-A29D-186307899CD9}.Release|Any CPU.Deploy.0 = Release|Any CPU
	EndGlobalSection
	GlobalSection(SolutionProperties) = preSolution
		HideSolutionNode = FALSE
	EndGlobalSection
	GlobalSection(ExtensibilityGlobals) = postSolution
		SolutionGuid = {73E032BE-4A8C-41FE-AAB9-A5C467DF1CE9}
	EndGlobalSection
EndGlobal
